
Microsoft Visual Studio Solution File, Format Version 12.00
# Visual Studio Version 16
VisualStudioVersion = 16.0.29409.12
MinimumVisualStudioVersion = 10.0.40219.1
Project("{FAE04EC0-301F-11D3-BF4B-00C04F79EFBC}") = "visual_represnation", "visual_represnation\visual_represnation.csproj", "{E285AB2B-F914-45BA-A3E1-D1FD3FC2AFD3}"
EndProject
Global
	GlobalSection(SolutionConfigurationPlatforms) = preSolution
		Debug|Any CPU = Debug|Any CPU
		Release|Any CPU = Release|Any CPU
	EndGlobalSection
	GlobalSection(ProjectConfigurationPlatforms) = postSolution
		{E285AB2B-F914-45BA-A3E1-D1FD3FC2AFD3}.Debug|Any CPU.ActiveCfg = Debug|Any CPU
		{E285AB2B-F914-45BA-A3E1-D1FD3FC2AFD3}.Debug|Any CPU.Build.0 = Debug|Any CPU
		{E285AB2B-F914-45BA-A3E1-D1FD3FC2AFD3}.Release|Any CPU.ActiveCfg = Release|Any CPU
		{E285AB2B-F914-45BA-A3E1-D1FD3FC2AFD3}.Release|Any CPU.Build.0 = Release|Any CPU
	EndGlobalSection
	GlobalSection(SolutionProperties) = preSolution
		HideSolutionNode = FALSE
	EndGlobalSection
	GlobalSection(ExtensibilityGlobals) = postSolution
		SolutionGuid = {5F719D3F-89E3-46CB-95E5-E330BCFF0C0D}
	EndGlobalSection
EndGlobal
